<?xml version="1.0" encoding="utf-8"?>
<Project ToolsVersion="4.0" xmlns="http://schemas.microsoft.com/developer/msbuild/2003">
  <ItemGroup>
    <Filter Include="소스 파일">
      <UniqueIdentifier>{4FC737F1-C7A5-4376-A066-2A32D752A2FF}</UniqueIdentifier>
      <Extensions>cpp;c;cc;cxx;c++;cppm;ixx;def;odl;idl;hpj;bat;asm;asmx</Extensions>
    </Filter>
    <Filter Include="헤더 파일">
      <UniqueIdentifier>{93995380-89BD-4b04-88EB-625FBE52EBFB}</UniqueIdentifier>
      <Extensions>h;hh;hpp;hxx;h++;hm;inl;inc;ipp;xsd</Extensions>
    </Filter>
    <Filter Include="리소스 파일">
      <UniqueIdentifier>{67DA6AB6-F800-4c08-8B7A-83BB121AAD01}</UniqueIdentifier>
      <Extensions>rc;ico;cur;bmp;dlg;rc2;rct;bin;rgs;gif;jpg;jpeg;jpe;resx;tiff;tif;png;wav;mfcribbon-ms</Extensions>
    </Filter>
  </ItemGroup>
  <ItemGroup>
    <ClCompile Include="01-01_출력하는 cin.cpp">
      <Filter>소스 파일</Filter>
    </ClCompile>
    <ClCompile Include="01-02_입력받는 cin.cpp">
      <Filter>소스 파일</Filter>
    </ClCompile>
    <ClCompile Include="01-03_두수 사이의 합.cpp">
      <Filter>소스 파일</Filter>
    </ClCompile>
    <ClCompile Include="01-04_배열에 문자열 저장.cpp">
      <Filter>소스 파일</Filter>
    </ClCompile>
    <ClCompile Include="01-05_함수 오버로딩1.cpp">
      <Filter>소스 파일</Filter>
    </ClCompile>
    <ClCompile Include="01-05_함수 오버로딩2.cpp">
      <Filter>소스 파일</Filter>
    </ClCompile>
    <ClCompile Include="01-06_함수 매개변수에 디폴트 값.cpp">
      <Filter>소스 파일</Filter>
    </ClCompile>
    <ClCompile Include="01-06_함수의 매개변수 디폴트값2%28중요%29.cpp">
      <Filter>소스 파일</Filter>
    </ClCompile>
    <ClCompile Include="01-06_함수의 매개변수 디폴트값3.cpp">
      <Filter>소스 파일</Filter>
    </ClCompile>
    <ClCompile Include="01-07_인라인 함수.cpp">
      <Filter>소스 파일</Filter>
    </ClCompile>
    <ClCompile Include="01-07_매크로 함수.cpp">
      <Filter>소스 파일</Filter>
    </ClCompile>
    <ClCompile Include="01-08_템플릿 함수.cpp">
      <Filter>소스 파일</Filter>
    </ClCompile>
    <ClCompile Include="01-09_네임스페이스.cpp">
      <Filter>소스 파일</Filter>
    </ClCompile>
    <ClCompile Include="01-10_네임스페이스2.cpp">
      <Filter>소스 파일</Filter>
    </ClCompile>
    <ClCompile Include="01-11_네임슾페이스3.cpp">
      <Filter>소스 파일</Filter>
    </ClCompile>
    <ClCompile Include="01-12_using을 지역변수처럼 선언.cpp">
      <Filter>소스 파일</Filter>
    </ClCompile>
    <ClCompile Include="01-13_using을 전역변수처럼 선언.cpp">
      <Filter>소스 파일</Filter>
    </ClCompile>
    <ClCompile Include="01-14_using namespace std 사용 이유.cpp">
      <Filter>소스 파일</Filter>
    </ClCompile>
    <ClCompile Include="01-15_이름공간 별칭.cpp">
      <Filter>소스 파일</Filter>
    </ClCompile>
    <ClCompile Include="01-16_전역변수.cpp">
      <Filter>소스 파일</Filter>
    </ClCompile>
    <ClCompile Include="01-17_Banking.cpp">
      <Filter>소스 파일</Filter>
    </ClCompile>
    <ClCompile Include="%28숙지%29 char 메모리.cpp">
      <Filter>소스 파일</Filter>
    </ClCompile>
    <ClCompile Include="%28숙지%29 swap.cpp">
      <Filter>소스 파일</Filter>
    </ClCompile>
    <ClCompile Include="SimpleFunc.h">
      <Filter>소스 파일</Filter>
    </ClCompile>
    <ClCompile Include="SimpleMain.cpp">
      <Filter>소스 파일</Filter>
    </ClCompile>
    <ClCompile Include="SimpleFunc.cpp">
      <Filter>소스 파일</Filter>
    </ClCompile>
    <ClCompile Include="02-01_const.cpp">
      <Filter>소스 파일</Filter>
    </ClCompile>
    <ClCompile Include="02-02_True False.cpp">
      <Filter>소스 파일</Filter>
    </ClCompile>
    <ClCompile Include="02-03_bool 자료형.cpp">
      <Filter>소스 파일</Filter>
    </ClCompile>
    <ClCompile Include="02-04_Reference 변수.cpp">
      <Filter>소스 파일</Filter>
    </ClCompile>
    <ClCompile Include="02-04_Reference 배열.cpp">
      <Filter>소스 파일</Filter>
    </ClCompile>
    <ClCompile Include="02_04_Reference 포인터.cpp">
      <Filter>소스 파일</Filter>
    </ClCompile>
    <ClCompile Include="이중 포인터.cpp">
      <Filter>소스 파일</Filter>
    </ClCompile>
    <ClCompile Include="포인터의 참조자.cpp">
      <Filter>소스 파일</Filter>
    </ClCompile>
    <ClCompile Include="02-05cpp.cpp">
      <Filter>소스 파일</Filter>
    </ClCompile>
    <ClCompile Include="02-06_Call by value, ref, pointer와 함수.cpp">
      <Filter>소스 파일</Filter>
    </ClCompile>
    <ClCompile Include="02-05_Reference Return 01.cpp">
      <Filter>소스 파일</Filter>
    </ClCompile>
    <ClCompile Include="02-05_Reference Return 02.cpp">
      <Filter>소스 파일</Filter>
    </ClCompile>
    <ClCompile Include="02-05_Reference Return 02와 결과 동일.cpp">
      <Filter>소스 파일</Filter>
    </ClCompile>
    <ClCompile Include="02-07_C 메모리 할당.cpp">
      <Filter>소스 파일</Filter>
    </ClCompile>
    <ClCompile Include="02-07_C++ 메모리 할당.cpp">
      <Filter>소스 파일</Filter>
    </ClCompile>
    <ClCompile Include="02-07_C와 c++ 메모리할당 차이.cpp">
      <Filter>소스 파일</Filter>
    </ClCompile>
    <ClCompile Include="02-04_Call by reference.cpp">
      <Filter>소스 파일</Filter>
    </ClCompile>
    <ClCompile Include="02-05_Pointer Reference.cpp">
      <Filter>소스 파일</Filter>
    </ClCompile>
    <ClCompile Include="02-01_const pointer, const pointer reference.cpp">
      <Filter>소스 파일</Filter>
    </ClCompile>
    <ClCompile Include="02-07_객체를 pointer과 reference로 다루기.cpp">
      <Filter>소스 파일</Filter>
    </ClCompile>
    <ClCompile Include="02-01_const 문자열.cpp">
      <Filter>소스 파일</Filter>
    </ClCompile>
    <ClCompile Include="rand함수.cpp">
      <Filter>소스 파일</Filter>
    </ClCompile>
    <ClCompile Include="03-01_구조체.cpp">
      <Filter>소스 파일</Filter>
    </ClCompile>
    <ClCompile Include="03-02_구조체 안에 함수 넣기.cpp">
      <Filter>소스 파일</Filter>
    </ClCompile>
    <ClCompile Include="03-03_객체 생성 비교%28new, malloc%29.cpp">
      <Filter>소스 파일</Filter>
    </ClCompile>
    <ClCompile Include="03-03_namespace 안에 enum 사용.cpp">
      <Filter>소스 파일</Filter>
    </ClCompile>
    <ClCompile Include="03-04_클래스의 함수를 외부에서 정의.cpp">
      <Filter>소스 파일</Filter>
    </ClCompile>
    <ClCompile Include="03-06_Car.cpp">
      <Filter>소스 파일</Filter>
    </ClCompile>
    <ClCompile Include="03-06_CarMain.cpp">
      <Filter>소스 파일</Filter>
    </ClCompile>
    <ClCompile Include="03-05_클래스.cpp">
      <Filter>소스 파일</Filter>
    </ClCompile>
    <ClCompile Include="03-07_Carinline.cpp">
      <Filter>소스 파일</Filter>
    </ClCompile>
    <ClCompile Include="03-07_CarinlineMain.cpp">
      <Filter>소스 파일</Filter>
    </ClCompile>
    <ClCompile Include="03-07_Carinline.h">
      <Filter>헤더 파일</Filter>
    </ClCompile>
    <ClCompile Include="03-08_클래스_사과장수와사과구매자.cpp">
      <Filter>소스 파일</Filter>
    </ClCompile>
    <ClCompile Include="Quiz_03-01_Struct.cpp">
      <Filter>소스 파일</Filter>
    </ClCompile>
    <ClCompile Include="Quiz_03-02_클래스 계산기.cpp">
      <Filter>소스 파일</Filter>
    </ClCompile>
    <ClCompile Include="Quiz_03-03_클래스_Printer.cpp">
      <Filter>소스 파일</Filter>
    </ClCompile>
    <ClCompile Include="04-01.cpp">
      <Filter>소스 파일</Filter>
    </ClCompile>
  </ItemGroup>
  <ItemGroup>
    <ClInclude Include="03-06_Car.h">
      <Filter>헤더 파일</Filter>
    </ClInclude>
  </ItemGroup>
</Project>